// !$*UTF8*$!
{
	archiveVersion = 1;
	classes = {
	};
	objectVersion = 56;
	objects = {

/* Begin PBXBuildFile section */
		550427362A8E3F23004E57FA /* RecommendTableViewCell.swift in Sources */ = {isa = PBXBuildFile; fileRef = 550427342A8E3F23004E57FA /* RecommendTableViewCell.swift */; };
		550427372A8E3F23004E57FA /* RecommendTableViewCell.xib in Resources */ = {isa = PBXBuildFile; fileRef = 550427352A8E3F23004E57FA /* RecommendTableViewCell.xib */; };
		5504273B2A8E3F81004E57FA /* MovieCollectionReusableView.xib in Resources */ = {isa = PBXBuildFile; fileRef = 550427392A8E3F81004E57FA /* MovieCollectionReusableView.xib */; };
		5504273D2A8E4260004E57FA /* CollectionViewAttributeProtocol.swift in Sources */ = {isa = PBXBuildFile; fileRef = 5504273C2A8E4260004E57FA /* CollectionViewAttributeProtocol.swift */; };
		5504273F2A8E43EA004E57FA /* MovieRecommend.swift in Sources */ = {isa = PBXBuildFile; fileRef = 5504273E2A8E43EA004E57FA /* MovieRecommend.swift */; };
		550427412A8E492C004E57FA /* RecommendViewController.swift in Sources */ = {isa = PBXBuildFile; fileRef = 550427402A8E492C004E57FA /* RecommendViewController.swift */; };
		550427432A8E4A93004E57FA /* TableViewAttributeProtocol.swift in Sources */ = {isa = PBXBuildFile; fileRef = 550427422A8E4A93004E57FA /* TableViewAttributeProtocol.swift */; };
		553DBB862A862742000ACEFA /* AppDelegate.swift in Sources */ = {isa = PBXBuildFile; fileRef = 553DBB852A862742000ACEFA /* AppDelegate.swift */; };
		553DBB882A862742000ACEFA /* SceneDelegate.swift in Sources */ = {isa = PBXBuildFile; fileRef = 553DBB872A862742000ACEFA /* SceneDelegate.swift */; };
		553DBB8A2A862742000ACEFA /* MovieViewController.swift in Sources */ = {isa = PBXBuildFile; fileRef = 553DBB892A862742000ACEFA /* MovieViewController.swift */; };
		553DBB8D2A862742000ACEFA /* Main.storyboard in Resources */ = {isa = PBXBuildFile; fileRef = 553DBB8B2A862742000ACEFA /* Main.storyboard */; };
		553DBB8F2A862744000ACEFA /* Assets.xcassets in Resources */ = {isa = PBXBuildFile; fileRef = 553DBB8E2A862744000ACEFA /* Assets.xcassets */; };
		553DBB922A862744000ACEFA /* LaunchScreen.storyboard in Resources */ = {isa = PBXBuildFile; fileRef = 553DBB902A862744000ACEFA /* LaunchScreen.storyboard */; };
		553DBB9D2A862904000ACEFA /* .gitignore in Resources */ = {isa = PBXBuildFile; fileRef = 553DBB9C2A862904000ACEFA /* .gitignore */; };
		553DBB9F2A86294A000ACEFA /* APIKEY.swift in Sources */ = {isa = PBXBuildFile; fileRef = 553DBB9E2A86294A000ACEFA /* APIKEY.swift */; };
		553DBBA22A8629B0000ACEFA /* TMDBNetworkManager.swift in Sources */ = {isa = PBXBuildFile; fileRef = 553DBBA12A8629B0000ACEFA /* TMDBNetworkManager.swift */; };
		553DBBA52A862A03000ACEFA /* Alamofire in Frameworks */ = {isa = PBXBuildFile; productRef = 553DBBA42A862A03000ACEFA /* Alamofire */; };
		553DBBA82A864183000ACEFA /* Trending.swift in Sources */ = {isa = PBXBuildFile; fileRef = 553DBBA72A864183000ACEFA /* Trending.swift */; };
		553DBBAB2A8643DC000ACEFA /* TMDB_API.swift in Sources */ = {isa = PBXBuildFile; fileRef = 553DBBAA2A8643DC000ACEFA /* TMDB_API.swift */; };
		553DBBAD2A864B82000ACEFA /* Credits.swift in Sources */ = {isa = PBXBuildFile; fileRef = 553DBBAC2A864B82000ACEFA /* Credits.swift */; };
		553DBBB12A86563B000ACEFA /* MovieCollectionViewCell.swift in Sources */ = {isa = PBXBuildFile; fileRef = 553DBBAF2A86563B000ACEFA /* MovieCollectionViewCell.swift */; };
		553DBBB22A86563B000ACEFA /* MovieCollectionViewCell.xib in Resources */ = {isa = PBXBuildFile; fileRef = 553DBBB02A86563B000ACEFA /* MovieCollectionViewCell.xib */; };
		553DBBB52A865DF2000ACEFA /* Kingfisher in Frameworks */ = {isa = PBXBuildFile; productRef = 553DBBB42A865DF2000ACEFA /* Kingfisher */; };
		553DBBB82A86625B000ACEFA /* ReusableViewProtocol.swift in Sources */ = {isa = PBXBuildFile; fileRef = 553DBBB72A86625B000ACEFA /* ReusableViewProtocol.swift */; };
		553DBBBB2A88C20A000ACEFA /* MovieCollectionReusableView.swift in Sources */ = {isa = PBXBuildFile; fileRef = 553DBBB92A88C20A000ACEFA /* MovieCollectionReusableView.swift */; };
		553DBBBE2A88CE63000ACEFA /* CreditViewController.swift in Sources */ = {isa = PBXBuildFile; fileRef = 553DBBBD2A88CE63000ACEFA /* CreditViewController.swift */; };
		553DBBC22A891450000ACEFA /* CreditTableViewCell.swift in Sources */ = {isa = PBXBuildFile; fileRef = 553DBBC12A891450000ACEFA /* CreditTableViewCell.swift */; };
		553DBBC42A891A3A000ACEFA /* UIViewController+Extension.swift in Sources */ = {isa = PBXBuildFile; fileRef = 553DBBC32A891A3A000ACEFA /* UIViewController+Extension.swift */; };
		553DBBC72A892E39000ACEFA /* SnapKit in Frameworks */ = {isa = PBXBuildFile; productRef = 553DBBC62A892E39000ACEFA /* SnapKit */; };
		55B49A6C2A89AF7D00F0F2F3 /* UIImage+Extension.swift in Sources */ = {isa = PBXBuildFile; fileRef = 55B49A6B2A89AF7D00F0F2F3 /* UIImage+Extension.swift */; };
/* End PBXBuildFile section */

/* Begin PBXFileReference section */
		550427342A8E3F23004E57FA /* RecommendTableViewCell.swift */ = {isa = PBXFileReference; lastKnownFileType = sourcecode.swift; path = RecommendTableViewCell.swift; sourceTree = "<group>"; };
		550427352A8E3F23004E57FA /* RecommendTableViewCell.xib */ = {isa = PBXFileReference; lastKnownFileType = file.xib; path = RecommendTableViewCell.xib; sourceTree = "<group>"; };
		550427392A8E3F81004E57FA /* MovieCollectionReusableView.xib */ = {isa = PBXFileReference; lastKnownFileType = file.xib; path = MovieCollectionReusableView.xib; sourceTree = "<group>"; };
		5504273C2A8E4260004E57FA /* CollectionViewAttributeProtocol.swift */ = {isa = PBXFileReference; lastKnownFileType = sourcecode.swift; path = CollectionViewAttributeProtocol.swift; sourceTree = "<group>"; };
		5504273E2A8E43EA004E57FA /* MovieRecommend.swift */ = {isa = PBXFileReference; fileEncoding = 4; lastKnownFileType = sourcecode.swift; path = MovieRecommend.swift; sourceTree = "<group>"; };
		550427402A8E492C004E57FA /* RecommendViewController.swift */ = {isa = PBXFileReference; lastKnownFileType = sourcecode.swift; path = RecommendViewController.swift; sourceTree = "<group>"; };
		550427422A8E4A93004E57FA /* TableViewAttributeProtocol.swift */ = {isa = PBXFileReference; lastKnownFileType = sourcecode.swift; path = TableViewAttributeProtocol.swift; sourceTree = "<group>"; };
		553DBB822A862742000ACEFA /* TMDB Project.app */ = {isa = PBXFileReference; explicitFileType = wrapper.application; includeInIndex = 0; path = "TMDB Project.app"; sourceTree = BUILT_PRODUCTS_DIR; };
		553DBB852A862742000ACEFA /* AppDelegate.swift */ = {isa = PBXFileReference; lastKnownFileType = sourcecode.swift; path = AppDelegate.swift; sourceTree = "<group>"; };
		553DBB872A862742000ACEFA /* SceneDelegate.swift */ = {isa = PBXFileReference; lastKnownFileType = sourcecode.swift; path = SceneDelegate.swift; sourceTree = "<group>"; };
		553DBB892A862742000ACEFA /* MovieViewController.swift */ = {isa = PBXFileReference; lastKnownFileType = sourcecode.swift; path = MovieViewController.swift; sourceTree = "<group>"; };
		553DBB8C2A862742000ACEFA /* Base */ = {isa = PBXFileReference; lastKnownFileType = file.storyboard; name = Base; path = Base.lproj/Main.storyboard; sourceTree = "<group>"; };
		553DBB8E2A862744000ACEFA /* Assets.xcassets */ = {isa = PBXFileReference; lastKnownFileType = folder.assetcatalog; path = Assets.xcassets; sourceTree = "<group>"; };
		553DBB912A862744000ACEFA /* Base */ = {isa = PBXFileReference; lastKnownFileType = file.storyboard; name = Base; path = Base.lproj/LaunchScreen.storyboard; sourceTree = "<group>"; };
		553DBB932A862744000ACEFA /* Info.plist */ = {isa = PBXFileReference; lastKnownFileType = text.plist.xml; path = Info.plist; sourceTree = "<group>"; };
		553DBB9C2A862904000ACEFA /* .gitignore */ = {isa = PBXFileReference; lastKnownFileType = text; path = .gitignore; sourceTree = "<group>"; };
		553DBB9E2A86294A000ACEFA /* APIKEY.swift */ = {isa = PBXFileReference; lastKnownFileType = sourcecode.swift; path = APIKEY.swift; sourceTree = "<group>"; };
		553DBBA12A8629B0000ACEFA /* TMDBNetworkManager.swift */ = {isa = PBXFileReference; lastKnownFileType = sourcecode.swift; path = TMDBNetworkManager.swift; sourceTree = "<group>"; };
		553DBBA72A864183000ACEFA /* Trending.swift */ = {isa = PBXFileReference; lastKnownFileType = sourcecode.swift; path = Trending.swift; sourceTree = "<group>"; };
		553DBBAA2A8643DC000ACEFA /* TMDB_API.swift */ = {isa = PBXFileReference; lastKnownFileType = sourcecode.swift; path = TMDB_API.swift; sourceTree = "<group>"; };
		553DBBAC2A864B82000ACEFA /* Credits.swift */ = {isa = PBXFileReference; lastKnownFileType = sourcecode.swift; path = Credits.swift; sourceTree = "<group>"; };
		553DBBAF2A86563B000ACEFA /* MovieCollectionViewCell.swift */ = {isa = PBXFileReference; lastKnownFileType = sourcecode.swift; path = MovieCollectionViewCell.swift; sourceTree = "<group>"; };
		553DBBB02A86563B000ACEFA /* MovieCollectionViewCell.xib */ = {isa = PBXFileReference; lastKnownFileType = file.xib; path = MovieCollectionViewCell.xib; sourceTree = "<group>"; };
		553DBBB72A86625B000ACEFA /* ReusableViewProtocol.swift */ = {isa = PBXFileReference; lastKnownFileType = sourcecode.swift; path = ReusableViewProtocol.swift; sourceTree = "<group>"; };
		553DBBB92A88C20A000ACEFA /* MovieCollectionReusableView.swift */ = {isa = PBXFileReference; lastKnownFileType = sourcecode.swift; path = MovieCollectionReusableView.swift; sourceTree = "<group>"; };
		553DBBBD2A88CE63000ACEFA /* CreditViewController.swift */ = {isa = PBXFileReference; lastKnownFileType = sourcecode.swift; path = CreditViewController.swift; sourceTree = "<group>"; };
		553DBBC12A891450000ACEFA /* CreditTableViewCell.swift */ = {isa = PBXFileReference; lastKnownFileType = sourcecode.swift; path = CreditTableViewCell.swift; sourceTree = "<group>"; };
		553DBBC32A891A3A000ACEFA /* UIViewController+Extension.swift */ = {isa = PBXFileReference; lastKnownFileType = sourcecode.swift; path = "UIViewController+Extension.swift"; sourceTree = "<group>"; };
		55B49A6B2A89AF7D00F0F2F3 /* UIImage+Extension.swift */ = {isa = PBXFileReference; lastKnownFileType = sourcecode.swift; path = "UIImage+Extension.swift"; sourceTree = "<group>"; };
/* End PBXFileReference section */

/* Begin PBXFrameworksBuildPhase section */
		553DBB7F2A862742000ACEFA /* Frameworks */ = {
			isa = PBXFrameworksBuildPhase;
			buildActionMask = 2147483647;
			files = (
				553DBBC72A892E39000ACEFA /* SnapKit in Frameworks */,
				553DBBB52A865DF2000ACEFA /* Kingfisher in Frameworks */,
				553DBBA52A862A03000ACEFA /* Alamofire in Frameworks */,
			);
			runOnlyForDeploymentPostprocessing = 0;
		};
/* End PBXFrameworksBuildPhase section */

/* Begin PBXGroup section */
		553DBB792A862742000ACEFA = {
			isa = PBXGroup;
			children = (
				553DBB842A862742000ACEFA /* TMDB Project */,
				553DBB832A862742000ACEFA /* Products */,
			);
			sourceTree = "<group>";
		};
		553DBB832A862742000ACEFA /* Products */ = {
			isa = PBXGroup;
			children = (
				553DBB822A862742000ACEFA /* TMDB Project.app */,
			);
			name = Products;
			sourceTree = "<group>";
		};
		553DBB842A862742000ACEFA /* TMDB Project */ = {
			isa = PBXGroup;
			children = (
				553DBBB62A8661FF000ACEFA /* Protocol */,
				553DBB8E2A862744000ACEFA /* Assets.xcassets */,
				553DBB932A862744000ACEFA /* Info.plist */,
				553DBB992A862752000ACEFA /* App */,
				553DBBA92A8643C3000ACEFA /* Extension */,
				553DBBA02A86297A000ACEFA /* APIKEY */,
				553DBBA62A864108000ACEFA /* Models */,
				553DBBAE2A86521D000ACEFA /* Network */,
				553DBB9A2A862761000ACEFA /* View */,
				553DBB9B2A862767000ACEFA /* ViewController */,
			);
			path = "TMDB Project";
			sourceTree = "<group>";
		};
		553DBB992A862752000ACEFA /* App */ = {
			isa = PBXGroup;
			children = (
				553DBB852A862742000ACEFA /* AppDelegate.swift */,
				553DBB872A862742000ACEFA /* SceneDelegate.swift */,
			);
			path = App;
			sourceTree = "<group>";
		};
		553DBB9A2A862761000ACEFA /* View */ = {
			isa = PBXGroup;
			children = (
				553DBB8B2A862742000ACEFA /* Main.storyboard */,
				553DBB902A862744000ACEFA /* LaunchScreen.storyboard */,
				553DBBC12A891450000ACEFA /* CreditTableViewCell.swift */,
				550427342A8E3F23004E57FA /* RecommendTableViewCell.swift */,
				550427352A8E3F23004E57FA /* RecommendTableViewCell.xib */,
				553DBBAF2A86563B000ACEFA /* MovieCollectionViewCell.swift */,
				553DBBB02A86563B000ACEFA /* MovieCollectionViewCell.xib */,
				553DBBB92A88C20A000ACEFA /* MovieCollectionReusableView.swift */,
				550427392A8E3F81004E57FA /* MovieCollectionReusableView.xib */,
			);
			path = View;
			sourceTree = "<group>";
		};
		553DBB9B2A862767000ACEFA /* ViewController */ = {
			isa = PBXGroup;
			children = (
				553DBB892A862742000ACEFA /* MovieViewController.swift */,
				553DBBBD2A88CE63000ACEFA /* CreditViewController.swift */,
				550427402A8E492C004E57FA /* RecommendViewController.swift */,
			);
			path = ViewController;
			sourceTree = "<group>";
		};
		553DBBA02A86297A000ACEFA /* APIKEY */ = {
			isa = PBXGroup;
			children = (
				553DBB9C2A862904000ACEFA /* .gitignore */,
				553DBB9E2A86294A000ACEFA /* APIKEY.swift */,
			);
			path = APIKEY;
			sourceTree = "<group>";
		};
		553DBBA62A864108000ACEFA /* Models */ = {
			isa = PBXGroup;
			children = (
				553DBBA72A864183000ACEFA /* Trending.swift */,
				553DBBAC2A864B82000ACEFA /* Credits.swift */,
				5504273E2A8E43EA004E57FA /* MovieRecommend.swift */,
			);
			path = Models;
			sourceTree = "<group>";
		};
		553DBBA92A8643C3000ACEFA /* Extension */ = {
			isa = PBXGroup;
			children = (
				553DBBB72A86625B000ACEFA /* ReusableViewProtocol.swift */,
				553DBBC32A891A3A000ACEFA /* UIViewController+Extension.swift */,
				55B49A6B2A89AF7D00F0F2F3 /* UIImage+Extension.swift */,
			);
			path = Extension;
			sourceTree = "<group>";
		};
		553DBBAE2A86521D000ACEFA /* Network */ = {
			isa = PBXGroup;
			children = (
				553DBBAA2A8643DC000ACEFA /* TMDB_API.swift */,
				553DBBA12A8629B0000ACEFA /* TMDBNetworkManager.swift */,
			);
			path = Network;
			sourceTree = "<group>";
		};
		553DBBB62A8661FF000ACEFA /* Protocol */ = {
			isa = PBXGroup;
			children = (
				5504273C2A8E4260004E57FA /* CollectionViewAttributeProtocol.swift */,
				550427422A8E4A93004E57FA /* TableViewAttributeProtocol.swift */,
			);
			path = Protocol;
			sourceTree = "<group>";
		};
/* End PBXGroup section */

/* Begin PBXNativeTarget section */
		553DBB812A862742000ACEFA /* TMDB Project */ = {
			isa = PBXNativeTarget;
			buildConfigurationList = 553DBB962A862744000ACEFA /* Build configuration list for PBXNativeTarget "TMDB Project" */;
			buildPhases = (
				553DBB7E2A862742000ACEFA /* Sources */,
				553DBB7F2A862742000ACEFA /* Frameworks */,
				553DBB802A862742000ACEFA /* Resources */,
			);
			buildRules = (
			);
			dependencies = (
			);
			name = "TMDB Project";
			packageProductDependencies = (
				553DBBA42A862A03000ACEFA /* Alamofire */,
				553DBBB42A865DF2000ACEFA /* Kingfisher */,
				553DBBC62A892E39000ACEFA /* SnapKit */,
			);
			productName = "TMDB Project";
			productReference = 553DBB822A862742000ACEFA /* TMDB Project.app */;
			productType = "com.apple.product-type.application";
		};
/* End PBXNativeTarget section */

/* Begin PBXProject section */
		553DBB7A2A862742000ACEFA /* Project object */ = {
			isa = PBXProject;
			attributes = {
				BuildIndependentTargetsInParallel = 1;
				LastSwiftUpdateCheck = 1430;
				LastUpgradeCheck = 1430;
				TargetAttributes = {
					553DBB812A862742000ACEFA = {
						CreatedOnToolsVersion = 14.3.1;
					};
				};
			};
			buildConfigurationList = 553DBB7D2A862742000ACEFA /* Build configuration list for PBXProject "TMDB Project" */;
			compatibilityVersion = "Xcode 14.0";
			developmentRegion = en;
			hasScannedForEncodings = 0;
			knownRegions = (
				en,
				Base,
			);
			mainGroup = 553DBB792A862742000ACEFA;
			packageReferences = (
				553DBBA32A862A03000ACEFA /* XCRemoteSwiftPackageReference "Alamofire" */,
				553DBBB32A865DF2000ACEFA /* XCRemoteSwiftPackageReference "Kingfisher" */,
				553DBBC52A892E39000ACEFA /* XCRemoteSwiftPackageReference "SnapKit" */,
			);
			productRefGroup = 553DBB832A862742000ACEFA /* Products */;
			projectDirPath = "";
			projectRoot = "";
			targets = (
				553DBB812A862742000ACEFA /* TMDB Project */,
			);
		};
/* End PBXProject section */

/* Begin PBXResourcesBuildPhase section */
		553DBB802A862742000ACEFA /* Resources */ = {
			isa = PBXResourcesBuildPhase;
			buildActionMask = 2147483647;
			files = (
				550427372A8E3F23004E57FA /* RecommendTableViewCell.xib in Resources */,
				553DBBB22A86563B000ACEFA /* MovieCollectionViewCell.xib in Resources */,
				553DBB9D2A862904000ACEFA /* .gitignore in Resources */,
				553DBB922A862744000ACEFA /* LaunchScreen.storyboard in Resources */,
				5504273B2A8E3F81004E57FA /* MovieCollectionReusableView.xib in Resources */,
				553DBB8F2A862744000ACEFA /* Assets.xcassets in Resources */,
				553DBB8D2A862742000ACEFA /* Main.storyboard in Resources */,
			);
			runOnlyForDeploymentPostprocessing = 0;
		};
/* End PBXResourcesBuildPhase section */

/* Begin PBXSourcesBuildPhase section */
		553DBB7E2A862742000ACEFA /* Sources */ = {
			isa = PBXSourcesBuildPhase;
			buildActionMask = 2147483647;
			files = (
				553DBBA82A864183000ACEFA /* Trending.swift in Sources */,
				5504273F2A8E43EA004E57FA /* MovieRecommend.swift in Sources */,
				553DBBB82A86625B000ACEFA /* ReusableViewProtocol.swift in Sources */,
				553DBB8A2A862742000ACEFA /* MovieViewController.swift in Sources */,
				553DBB862A862742000ACEFA /* AppDelegate.swift in Sources */,
				550427362A8E3F23004E57FA /* RecommendTableViewCell.swift in Sources */,
				553DBBC42A891A3A000ACEFA /* UIViewController+Extension.swift in Sources */,
				553DBBA22A8629B0000ACEFA /* TMDBNetworkManager.swift in Sources */,
				550427432A8E4A93004E57FA /* TableViewAttributeProtocol.swift in Sources */,
				5504273D2A8E4260004E57FA /* CollectionViewAttributeProtocol.swift in Sources */,
				553DBB9F2A86294A000ACEFA /* APIKEY.swift in Sources */,
				553DBBAB2A8643DC000ACEFA /* TMDB_API.swift in Sources */,
				553DBBC22A891450000ACEFA /* CreditTableViewCell.swift in Sources */,
				553DBBBB2A88C20A000ACEFA /* MovieCollectionReusableView.swift in Sources */,
				553DBBB12A86563B000ACEFA /* MovieCollectionViewCell.swift in Sources */,
				550427412A8E492C004E57FA /* RecommendViewController.swift in Sources */,
				553DBBAD2A864B82000ACEFA /* Credits.swift in Sources */,
				55B49A6C2A89AF7D00F0F2F3 /* UIImage+Extension.swift in Sources */,
				553DBB882A862742000ACEFA /* SceneDelegate.swift in Sources */,
				553DBBBE2A88CE63000ACEFA /* CreditViewController.swift in Sources */,
			);
			runOnlyForDeploymentPostprocessing = 0;
		};
/* End PBXSourcesBuildPhase section */

/* Begin PBXVariantGroup section */
		553DBB8B2A862742000ACEFA /* Main.storyboard */ = {
			isa = PBXVariantGroup;
			children = (
				553DBB8C2A862742000ACEFA /* Base */,
			);
			name = Main.storyboard;
			sourceTree = "<group>";
		};
		553DBB902A862744000ACEFA /* LaunchScreen.storyboard */ = {
			isa = PBXVariantGroup;
			children = (
				553DBB912A862744000ACEFA /* Base */,
			);
			name = LaunchScreen.storyboard;
			sourceTree = "<group>";
		};
/* End PBXVariantGroup section */

/* Begin XCBuildConfiguration section */
		553DBB942A862744000ACEFA /* Debug */ = {
			isa = XCBuildConfiguration;
			buildSettings = {
				ALWAYS_SEARCH_USER_PATHS = NO;
				CLANG_ANALYZER_NONNULL = YES;
				CLANG_ANALYZER_NUMBER_OBJECT_CONVERSION = YES_AGGRESSIVE;
				CLANG_CXX_LANGUAGE_STANDARD = "gnu++20";
				CLANG_ENABLE_MODULES = YES;
				CLANG_ENABLE_OBJC_ARC = YES;
				CLANG_ENABLE_OBJC_WEAK = YES;
				CLANG_WARN_BLOCK_CAPTURE_AUTORELEASING = YES;
				CLANG_WARN_BOOL_CONVERSION = YES;
				CLANG_WARN_COMMA = YES;
				CLANG_WARN_CONSTANT_CONVERSION = YES;
				CLANG_WARN_DEPRECATED_OBJC_IMPLEMENTATIONS = YES;
				CLANG_WARN_DIRECT_OBJC_ISA_USAGE = YES_ERROR;
				CLANG_WARN_DOCUMENTATION_COMMENTS = YES;
				CLANG_WARN_EMPTY_BODY = YES;
				CLANG_WARN_ENUM_CONVERSION = YES;
				CLANG_WARN_INFINITE_RECURSION = YES;
				CLANG_WARN_INT_CONVERSION = YES;
				CLANG_WARN_NON_LITERAL_NULL_CONVERSION = YES;
				CLANG_WARN_OBJC_IMPLICIT_RETAIN_SELF = YES;
				CLANG_WARN_OBJC_LITERAL_CONVERSION = YES;
				CLANG_WARN_OBJC_ROOT_CLASS = YES_ERROR;
				CLANG_WARN_QUOTED_INCLUDE_IN_FRAMEWORK_HEADER = YES;
				CLANG_WARN_RANGE_LOOP_ANALYSIS = YES;
				CLANG_WARN_STRICT_PROTOTYPES = YES;
				CLANG_WARN_SUSPICIOUS_MOVE = YES;
				CLANG_WARN_UNGUARDED_AVAILABILITY = YES_AGGRESSIVE;
				CLANG_WARN_UNREACHABLE_CODE = YES;
				CLANG_WARN__DUPLICATE_METHOD_MATCH = YES;
				COPY_PHASE_STRIP = NO;
				DEBUG_INFORMATION_FORMAT = dwarf;
				ENABLE_STRICT_OBJC_MSGSEND = YES;
				ENABLE_TESTABILITY = YES;
				GCC_C_LANGUAGE_STANDARD = gnu11;
				GCC_DYNAMIC_NO_PIC = NO;
				GCC_NO_COMMON_BLOCKS = YES;
				GCC_OPTIMIZATION_LEVEL = 0;
				GCC_PREPROCESSOR_DEFINITIONS = (
					"DEBUG=1",
					"$(inherited)",
				);
				GCC_WARN_64_TO_32_BIT_CONVERSION = YES;
				GCC_WARN_ABOUT_RETURN_TYPE = YES_ERROR;
				GCC_WARN_UNDECLARED_SELECTOR = YES;
				GCC_WARN_UNINITIALIZED_AUTOS = YES_AGGRESSIVE;
				GCC_WARN_UNUSED_FUNCTION = YES;
				GCC_WARN_UNUSED_VARIABLE = YES;
				IPHONEOS_DEPLOYMENT_TARGET = 16.4;
				MTL_ENABLE_DEBUG_INFO = INCLUDE_SOURCE;
				MTL_FAST_MATH = YES;
				ONLY_ACTIVE_ARCH = YES;
				SDKROOT = iphoneos;
				SWIFT_ACTIVE_COMPILATION_CONDITIONS = DEBUG;
				SWIFT_OPTIMIZATION_LEVEL = "-Onone";
			};
			name = Debug;
		};
		553DBB952A862744000ACEFA /* Release */ = {
			isa = XCBuildConfiguration;
			buildSettings = {
				ALWAYS_SEARCH_USER_PATHS = NO;
				CLANG_ANALYZER_NONNULL = YES;
				CLANG_ANALYZER_NUMBER_OBJECT_CONVERSION = YES_AGGRESSIVE;
				CLANG_CXX_LANGUAGE_STANDARD = "gnu++20";
				CLANG_ENABLE_MODULES = YES;
				CLANG_ENABLE_OBJC_ARC = YES;
				CLANG_ENABLE_OBJC_WEAK = YES;
				CLANG_WARN_BLOCK_CAPTURE_AUTORELEASING = YES;
				CLANG_WARN_BOOL_CONVERSION = YES;
				CLANG_WARN_COMMA = YES;
				CLANG_WARN_CONSTANT_CONVERSION = YES;
				CLANG_WARN_DEPRECATED_OBJC_IMPLEMENTATIONS = YES;
				CLANG_WARN_DIRECT_OBJC_ISA_USAGE = YES_ERROR;
				CLANG_WARN_DOCUMENTATION_COMMENTS = YES;
				CLANG_WARN_EMPTY_BODY = YES;
				CLANG_WARN_ENUM_CONVERSION = YES;
				CLANG_WARN_INFINITE_RECURSION = YES;
				CLANG_WARN_INT_CONVERSION = YES;
				CLANG_WARN_NON_LITERAL_NULL_CONVERSION = YES;
				CLANG_WARN_OBJC_IMPLICIT_RETAIN_SELF = YES;
				CLANG_WARN_OBJC_LITERAL_CONVERSION = YES;
				CLANG_WARN_OBJC_ROOT_CLASS = YES_ERROR;
				CLANG_WARN_QUOTED_INCLUDE_IN_FRAMEWORK_HEADER = YES;
				CLANG_WARN_RANGE_LOOP_ANALYSIS = YES;
				CLANG_WARN_STRICT_PROTOTYPES = YES;
				CLANG_WARN_SUSPICIOUS_MOVE = YES;
				CLANG_WARN_UNGUARDED_AVAILABILITY = YES_AGGRESSIVE;
				CLANG_WARN_UNREACHABLE_CODE = YES;
				CLANG_WARN__DUPLICATE_METHOD_MATCH = YES;
				COPY_PHASE_STRIP = NO;
				DEBUG_INFORMATION_FORMAT = "dwarf-with-dsym";
				ENABLE_NS_ASSERTIONS = NO;
				ENABLE_STRICT_OBJC_MSGSEND = YES;
				GCC_C_LANGUAGE_STANDARD = gnu11;
				GCC_NO_COMMON_BLOCKS = YES;
				GCC_WARN_64_TO_32_BIT_CONVERSION = YES;
				GCC_WARN_ABOUT_RETURN_TYPE = YES_ERROR;
				GCC_WARN_UNDECLARED_SELECTOR = YES;
				GCC_WARN_UNINITIALIZED_AUTOS = YES_AGGRESSIVE;
				GCC_WARN_UNUSED_FUNCTION = YES;
				GCC_WARN_UNUSED_VARIABLE = YES;
				IPHONEOS_DEPLOYMENT_TARGET = 16.4;
				MTL_ENABLE_DEBUG_INFO = NO;
				MTL_FAST_MATH = YES;
				SDKROOT = iphoneos;
				SWIFT_COMPILATION_MODE = wholemodule;
				SWIFT_OPTIMIZATION_LEVEL = "-O";
				VALIDATE_PRODUCT = YES;
			};
			name = Release;
		};
		553DBB972A862744000ACEFA /* Debug */ = {
			isa = XCBuildConfiguration;
			buildSettings = {
				ASSETCATALOG_COMPILER_APPICON_NAME = AppIcon;
				ASSETCATALOG_COMPILER_GLOBAL_ACCENT_COLOR_NAME = AccentColor;
				CODE_SIGN_STYLE = Automatic;
				CURRENT_PROJECT_VERSION = 1;
				DEVELOPMENT_TEAM = VJ2VF4KUF7;
				GENERATE_INFOPLIST_FILE = YES;
				INFOPLIST_FILE = "TMDB Project/Info.plist";
				INFOPLIST_KEY_UIApplicationSupportsIndirectInputEvents = YES;
				INFOPLIST_KEY_UILaunchStoryboardName = LaunchScreen;
				INFOPLIST_KEY_UIMainStoryboardFile = Main;
				INFOPLIST_KEY_UISupportedInterfaceOrientations_iPad = "UIInterfaceOrientationPortrait UIInterfaceOrientationPortraitUpsideDown UIInterfaceOrientationLandscapeLeft UIInterfaceOrientationLandscapeRight";
				INFOPLIST_KEY_UISupportedInterfaceOrientations_iPhone = "UIInterfaceOrientationPortrait UIInterfaceOrientationLandscapeLeft UIInterfaceOrientationLandscapeRight";
				LD_RUNPATH_SEARCH_PATHS = (
					"$(inherited)",
					"@executable_path/Frameworks",
				);
				MARKETING_VERSION = 1.0;
				PRODUCT_BUNDLE_IDENTIFIER = "com.Jimmy.TMDB-Project";
				PRODUCT_NAME = "$(TARGET_NAME)";
				SWIFT_EMIT_LOC_STRINGS = YES;
				SWIFT_VERSION = 5.0;
				TARGETED_DEVICE_FAMILY = "1,2";
			};
			name = Debug;
		};
		553DBB982A862744000ACEFA /* Release */ = {
			isa = XCBuildConfiguration;
			buildSettings = {
				ASSETCATALOG_COMPILER_APPICON_NAME = AppIcon;
				ASSETCATALOG_COMPILER_GLOBAL_ACCENT_COLOR_NAME = AccentColor;
				CODE_SIGN_STYLE = Automatic;
				CURRENT_PROJECT_VERSION = 1;
				DEVELOPMENT_TEAM = VJ2VF4KUF7;
				GENERATE_INFOPLIST_FILE = YES;
				INFOPLIST_FILE = "TMDB Project/Info.plist";
				INFOPLIST_KEY_UIApplicationSupportsIndirectInputEvents = YES;
				INFOPLIST_KEY_UILaunchStoryboardName = LaunchScreen;
				INFOPLIST_KEY_UIMainStoryboardFile = Main;
				INFOPLIST_KEY_UISupportedInterfaceOrientations_iPad = "UIInterfaceOrientationPortrait UIInterfaceOrientationPortraitUpsideDown UIInterfaceOrientationLandscapeLeft UIInterfaceOrientationLandscapeRight";
				INFOPLIST_KEY_UISupportedInterfaceOrientations_iPhone = "UIInterfaceOrientationPortrait UIInterfaceOrientationLandscapeLeft UIInterfaceOrientationLandscapeRight";
				LD_RUNPATH_SEARCH_PATHS = (
					"$(inherited)",
					"@executable_path/Frameworks",
				);
				MARKETING_VERSION = 1.0;
				PRODUCT_BUNDLE_IDENTIFIER = "com.Jimmy.TMDB-Project";
				PRODUCT_NAME = "$(TARGET_NAME)";
				SWIFT_EMIT_LOC_STRINGS = YES;
				SWIFT_VERSION = 5.0;
				TARGETED_DEVICE_FAMILY = "1,2";
			};
			name = Release;
		};
/* End XCBuildConfiguration section */

/* Begin XCConfigurationList section */
		553DBB7D2A862742000ACEFA /* Build configuration list for PBXProject "TMDB Project" */ = {
			isa = XCConfigurationList;
			buildConfigurations = (
				553DBB942A862744000ACEFA /* Debug */,
				553DBB952A862744000ACEFA /* Release */,
			);
			defaultConfigurationIsVisible = 0;
			defaultConfigurationName = Release;
		};
		553DBB962A862744000ACEFA /* Build configuration list for PBXNativeTarget "TMDB Project" */ = {
			isa = XCConfigurationList;
			buildConfigurations = (
				553DBB972A862744000ACEFA /* Debug */,
				553DBB982A862744000ACEFA /* Release */,
			);
			defaultConfigurationIsVisible = 0;
			defaultConfigurationName = Release;
		};
/* End XCConfigurationList section */

/* Begin XCRemoteSwiftPackageReference section */
		553DBBA32A862A03000ACEFA /* XCRemoteSwiftPackageReference "Alamofire" */ = {
			isa = XCRemoteSwiftPackageReference;
			repositoryURL = "https://github.com/Alamofire/Alamofire.git";
			requirement = {
				kind = upToNextMajorVersion;
				minimumVersion = 5.0.0;
			};
		};
		553DBBB32A865DF2000ACEFA /* XCRemoteSwiftPackageReference "Kingfisher" */ = {
			isa = XCRemoteSwiftPackageReference;
			repositoryURL = "https://github.com/onevcat/Kingfisher.git";
			requirement = {
				kind = upToNextMajorVersion;
				minimumVersion = 7.0.0;
			};
		};
		553DBBC52A892E39000ACEFA /* XCRemoteSwiftPackageReference "SnapKit" */ = {
			isa = XCRemoteSwiftPackageReference;
			repositoryURL = "https://github.com/SnapKit/SnapKit.git";
			requirement = {
				kind = upToNextMajorVersion;
				minimumVersion = 5.0.0;
			};
		};
/* End XCRemoteSwiftPackageReference section */

/* Begin XCSwiftPackageProductDependency section */
		553DBBA42A862A03000ACEFA /* Alamofire */ = {
			isa = XCSwiftPackageProductDependency;
			package = 553DBBA32A862A03000ACEFA /* XCRemoteSwiftPackageReference "Alamofire" */;
			productName = Alamofire;
		};
		553DBBB42A865DF2000ACEFA /* Kingfisher */ = {
			isa = XCSwiftPackageProductDependency;
			package = 553DBBB32A865DF2000ACEFA /* XCRemoteSwiftPackageReference "Kingfisher" */;
			productName = Kingfisher;
		};
		553DBBC62A892E39000ACEFA /* SnapKit */ = {
			isa = XCSwiftPackageProductDependency;
			package = 553DBBC52A892E39000ACEFA /* XCRemoteSwiftPackageReference "SnapKit" */;
			productName = SnapKit;
		};
/* End XCSwiftPackageProductDependency section */
	};
	rootObject = 553DBB7A2A862742000ACEFA /* Project object */;
}
